
Microsoft Visual Studio Solution File, Format Version 12.00
# Visual Studio Version 16
VisualStudioVersion = 16.0.29424.173
MinimumVisualStudioVersion = 15.0.26124.0
Project("{9A19103F-16F7-4668-BE54-9A1E7A4F7556}") = "p6HAMM", "p6HAMM\p6HAMM.csproj", "{F3D5E5AE-8768-4610-AF5C-F2360B3A6810}"
EndProject
Project("{9A19103F-16F7-4668-BE54-9A1E7A4F7556}") = "p6HAMM.tests", "p6HAMM.tests\p6HAMM.tests.csproj", "{018C935B-A6BF-4207-BAF0-F307127C4590}"
EndProject
Global
	GlobalSection(SolutionConfigurationPlatforms) = preSolution
		Debug|Any CPU = Debug|Any CPU
		Debug|x64 = Debug|x64
		Debug|x86 = Debug|x86
		Release|Any CPU = Release|Any CPU
		Release|x64 = Release|x64
		Release|x86 = Release|x86
	EndGlobalSection
	GlobalSection(ProjectConfigurationPlatforms) = postSolution
		{F3D5E5AE-8768-4610-AF5C-F2360B3A6810}.Debug|Any CPU.ActiveCfg = Debug|Any CPU
		{F3D5E5AE-8768-4610-AF5C-F2360B3A6810}.Debug|Any CPU.Build.0 = Debug|Any CPU
		{F3D5E5AE-8768-4610-AF5C-F2360B3A6810}.Debug|x64.ActiveCfg = Debug|Any CPU
		{F3D5E5AE-8768-4610-AF5C-F2360B3A6810}.Debug|x64.Build.0 = Debug|Any CPU
		{F3D5E5AE-8768-4610-AF5C-F2360B3A6810}.Debug|x86.ActiveCfg = Debug|Any CPU
		{F3D5E5AE-8768-4610-AF5C-F2360B3A6810}.Debug|x86.Build.0 = Debug|Any CPU
		{F3D5E5AE-8768-4610-AF5C-F2360B3A6810}.Release|Any CPU.ActiveCfg = Release|Any CPU
		{F3D5E5AE-8768-4610-AF5C-F2360B3A6810}.Release|Any CPU.Build.0 = Release|Any CPU
		{F3D5E5AE-8768-4610-AF5C-F2360B3A6810}.Release|x64.ActiveCfg = Release|Any CPU
		{F3D5E5AE-8768-4610-AF5C-F2360B3A6810}.Release|x64.Build.0 = Release|Any CPU
		{F3D5E5AE-8768-4610-AF5C-F2360B3A6810}.Release|x86.ActiveCfg = Release|Any CPU
		{F3D5E5AE-8768-4610-AF5C-F2360B3A6810}.Release|x86.Build.0 = Release|Any CPU
		{018C935B-A6BF-4207-BAF0-F307127C4590}.Debug|Any CPU.ActiveCfg = Debug|Any CPU
		{018C935B-A6BF-4207-BAF0-F307127C4590}.Debug|Any CPU.Build.0 = Debug|Any CPU
		{018C935B-A6BF-4207-BAF0-F307127C4590}.Debug|x64.ActiveCfg = Debug|Any CPU
		{018C935B-A6BF-4207-BAF0-F307127C4590}.Debug|x64.Build.0 = Debug|Any CPU
		{018C935B-A6BF-4207-BAF0-F307127C4590}.Debug|x86.ActiveCfg = Debug|Any CPU
		{018C935B-A6BF-4207-BAF0-F307127C4590}.Debug|x86.Build.0 = Debug|Any CPU
		{018C935B-A6BF-4207-BAF0-F307127C4590}.Release|Any CPU.ActiveCfg = Release|Any CPU
		{018C935B-A6BF-4207-BAF0-F307127C4590}.Release|Any CPU.Build.0 = Release|Any CPU
		{018C935B-A6BF-4207-BAF0-F307127C4590}.Release|x64.ActiveCfg = Release|Any CPU
		{018C935B-A6BF-4207-BAF0-F307127C4590}.Release|x64.Build.0 = Release|Any CPU
		{018C935B-A6BF-4207-BAF0-F307127C4590}.Release|x86.ActiveCfg = Release|Any CPU
		{018C935B-A6BF-4207-BAF0-F307127C4590}.Release|x86.Build.0 = Release|Any CPU
	EndGlobalSection
	GlobalSection(SolutionProperties) = preSolution
		HideSolutionNode = FALSE
	EndGlobalSection
	GlobalSection(ExtensibilityGlobals) = postSolution
		SolutionGuid = {DACD8C55-1FC3-4975-86AA-2C83E9068584}
	EndGlobalSection
EndGlobal
