
Microsoft Visual Studio Solution File, Format Version 12.00
# Visual Studio Version 16
VisualStudioVersion = 16.0.29806.167
MinimumVisualStudioVersion = 15.0.26124.0
Project("{9A19103F-16F7-4668-BE54-9A1E7A4F7556}") = "p8PROT", "p8PROT\p8PROT.csproj", "{565C3D75-19F8-46F7-961C-1E0BB0E4CBF6}"
EndProject
Project("{2150E333-8FDC-42A3-9474-1A3956D46DE8}") = "Solution Items", "Solution Items", "{8D0F6524-F77D-4F50-B8E7-0A06ED4C4DDD}"
EndProject
Project("{9A19103F-16F7-4668-BE54-9A1E7A4F7556}") = "p8PROT.tests", "p8PROT.tests\p8PROT.tests.csproj", "{8A7A0394-9198-40BB-AA0A-2402B54E3BF9}"
EndProject
Global
	GlobalSection(SolutionConfigurationPlatforms) = preSolution
		Debug|Any CPU = Debug|Any CPU
		Debug|x64 = Debug|x64
		Debug|x86 = Debug|x86
		Release|Any CPU = Release|Any CPU
		Release|x64 = Release|x64
		Release|x86 = Release|x86
	EndGlobalSection
	GlobalSection(ProjectConfigurationPlatforms) = postSolution
		{565C3D75-19F8-46F7-961C-1E0BB0E4CBF6}.Debug|Any CPU.ActiveCfg = Debug|Any CPU
		{565C3D75-19F8-46F7-961C-1E0BB0E4CBF6}.Debug|Any CPU.Build.0 = Debug|Any CPU
		{565C3D75-19F8-46F7-961C-1E0BB0E4CBF6}.Debug|x64.ActiveCfg = Debug|Any CPU
		{565C3D75-19F8-46F7-961C-1E0BB0E4CBF6}.Debug|x64.Build.0 = Debug|Any CPU
		{565C3D75-19F8-46F7-961C-1E0BB0E4CBF6}.Debug|x86.ActiveCfg = Debug|Any CPU
		{565C3D75-19F8-46F7-961C-1E0BB0E4CBF6}.Debug|x86.Build.0 = Debug|Any CPU
		{565C3D75-19F8-46F7-961C-1E0BB0E4CBF6}.Release|Any CPU.ActiveCfg = Release|Any CPU
		{565C3D75-19F8-46F7-961C-1E0BB0E4CBF6}.Release|Any CPU.Build.0 = Release|Any CPU
		{565C3D75-19F8-46F7-961C-1E0BB0E4CBF6}.Release|x64.ActiveCfg = Release|Any CPU
		{565C3D75-19F8-46F7-961C-1E0BB0E4CBF6}.Release|x64.Build.0 = Release|Any CPU
		{565C3D75-19F8-46F7-961C-1E0BB0E4CBF6}.Release|x86.ActiveCfg = Release|Any CPU
		{565C3D75-19F8-46F7-961C-1E0BB0E4CBF6}.Release|x86.Build.0 = Release|Any CPU
		{8A7A0394-9198-40BB-AA0A-2402B54E3BF9}.Debug|Any CPU.ActiveCfg = Debug|Any CPU
		{8A7A0394-9198-40BB-AA0A-2402B54E3BF9}.Debug|Any CPU.Build.0 = Debug|Any CPU
		{8A7A0394-9198-40BB-AA0A-2402B54E3BF9}.Debug|x64.ActiveCfg = Debug|Any CPU
		{8A7A0394-9198-40BB-AA0A-2402B54E3BF9}.Debug|x64.Build.0 = Debug|Any CPU
		{8A7A0394-9198-40BB-AA0A-2402B54E3BF9}.Debug|x86.ActiveCfg = Debug|Any CPU
		{8A7A0394-9198-40BB-AA0A-2402B54E3BF9}.Debug|x86.Build.0 = Debug|Any CPU
		{8A7A0394-9198-40BB-AA0A-2402B54E3BF9}.Release|Any CPU.ActiveCfg = Release|Any CPU
		{8A7A0394-9198-40BB-AA0A-2402B54E3BF9}.Release|Any CPU.Build.0 = Release|Any CPU
		{8A7A0394-9198-40BB-AA0A-2402B54E3BF9}.Release|x64.ActiveCfg = Release|Any CPU
		{8A7A0394-9198-40BB-AA0A-2402B54E3BF9}.Release|x64.Build.0 = Release|Any CPU
		{8A7A0394-9198-40BB-AA0A-2402B54E3BF9}.Release|x86.ActiveCfg = Release|Any CPU
		{8A7A0394-9198-40BB-AA0A-2402B54E3BF9}.Release|x86.Build.0 = Release|Any CPU
	EndGlobalSection
	GlobalSection(SolutionProperties) = preSolution
		HideSolutionNode = FALSE
	EndGlobalSection
	GlobalSection(ExtensibilityGlobals) = postSolution
		SolutionGuid = {99B0DD97-9EE8-4EEE-BBCA-FAFD6B6A907D}
	EndGlobalSection
EndGlobal
