
Microsoft Visual Studio Solution File, Format Version 12.00
# Visual Studio Version 16
VisualStudioVersion = 16.0.29424.173
MinimumVisualStudioVersion = 15.0.26124.0
Project("{9A19103F-16F7-4668-BE54-9A1E7A4F7556}") = "p3REVC", "p3REVC\p3REVC.csproj", "{91344C70-AF1A-4C74-A061-1C85CC452140}"
EndProject
Project("{9A19103F-16F7-4668-BE54-9A1E7A4F7556}") = "p3REVC.tests", "p3REVC.tests\p3REVC.tests.csproj", "{613D96C8-564B-40E1-8809-AEACE4E5E29B}"
EndProject
Global
	GlobalSection(SolutionConfigurationPlatforms) = preSolution
		Debug|Any CPU = Debug|Any CPU
		Debug|x64 = Debug|x64
		Debug|x86 = Debug|x86
		Release|Any CPU = Release|Any CPU
		Release|x64 = Release|x64
		Release|x86 = Release|x86
	EndGlobalSection
	GlobalSection(ProjectConfigurationPlatforms) = postSolution
		{91344C70-AF1A-4C74-A061-1C85CC452140}.Debug|Any CPU.ActiveCfg = Debug|Any CPU
		{91344C70-AF1A-4C74-A061-1C85CC452140}.Debug|Any CPU.Build.0 = Debug|Any CPU
		{91344C70-AF1A-4C74-A061-1C85CC452140}.Debug|x64.ActiveCfg = Debug|Any CPU
		{91344C70-AF1A-4C74-A061-1C85CC452140}.Debug|x64.Build.0 = Debug|Any CPU
		{91344C70-AF1A-4C74-A061-1C85CC452140}.Debug|x86.ActiveCfg = Debug|Any CPU
		{91344C70-AF1A-4C74-A061-1C85CC452140}.Debug|x86.Build.0 = Debug|Any CPU
		{91344C70-AF1A-4C74-A061-1C85CC452140}.Release|Any CPU.ActiveCfg = Release|Any CPU
		{91344C70-AF1A-4C74-A061-1C85CC452140}.Release|Any CPU.Build.0 = Release|Any CPU
		{91344C70-AF1A-4C74-A061-1C85CC452140}.Release|x64.ActiveCfg = Release|Any CPU
		{91344C70-AF1A-4C74-A061-1C85CC452140}.Release|x64.Build.0 = Release|Any CPU
		{91344C70-AF1A-4C74-A061-1C85CC452140}.Release|x86.ActiveCfg = Release|Any CPU
		{91344C70-AF1A-4C74-A061-1C85CC452140}.Release|x86.Build.0 = Release|Any CPU
		{613D96C8-564B-40E1-8809-AEACE4E5E29B}.Debug|Any CPU.ActiveCfg = Debug|Any CPU
		{613D96C8-564B-40E1-8809-AEACE4E5E29B}.Debug|Any CPU.Build.0 = Debug|Any CPU
		{613D96C8-564B-40E1-8809-AEACE4E5E29B}.Debug|x64.ActiveCfg = Debug|Any CPU
		{613D96C8-564B-40E1-8809-AEACE4E5E29B}.Debug|x64.Build.0 = Debug|Any CPU
		{613D96C8-564B-40E1-8809-AEACE4E5E29B}.Debug|x86.ActiveCfg = Debug|Any CPU
		{613D96C8-564B-40E1-8809-AEACE4E5E29B}.Debug|x86.Build.0 = Debug|Any CPU
		{613D96C8-564B-40E1-8809-AEACE4E5E29B}.Release|Any CPU.ActiveCfg = Release|Any CPU
		{613D96C8-564B-40E1-8809-AEACE4E5E29B}.Release|Any CPU.Build.0 = Release|Any CPU
		{613D96C8-564B-40E1-8809-AEACE4E5E29B}.Release|x64.ActiveCfg = Release|Any CPU
		{613D96C8-564B-40E1-8809-AEACE4E5E29B}.Release|x64.Build.0 = Release|Any CPU
		{613D96C8-564B-40E1-8809-AEACE4E5E29B}.Release|x86.ActiveCfg = Release|Any CPU
		{613D96C8-564B-40E1-8809-AEACE4E5E29B}.Release|x86.Build.0 = Release|Any CPU
	EndGlobalSection
	GlobalSection(SolutionProperties) = preSolution
		HideSolutionNode = FALSE
	EndGlobalSection
	GlobalSection(ExtensibilityGlobals) = postSolution
		SolutionGuid = {6B731755-B127-43C0-80D1-B6DADC100895}
	EndGlobalSection
EndGlobal
